
Microsoft Visual Studio Solution File, Format Version 12.00
# Visual Studio 15
VisualStudioVersion = 15.0.26730.12
MinimumVisualStudioVersion = 10.0.40219.1
Project("{FAE04EC0-301F-11D3-BF4B-00C04F79EFBC}") = "AutoDeployWindow", "AutoDeployWindow\AutoDeployWindow.csproj", "{7FFE8679-F981-4B0F-9403-B5805D6D0230}"
EndProject
Global
	GlobalSection(SolutionConfigurationPlatforms) = preSolution
		Debug|Any CPU = Debug|Any CPU
		Release|Any CPU = Release|Any CPU
	EndGlobalSection
	GlobalSection(ProjectConfigurationPlatforms) = postSolution
		{7FFE8679-F981-4B0F-9403-B5805D6D0230}.Debug|Any CPU.ActiveCfg = Debug|Any CPU
		{7FFE8679-F981-4B0F-9403-B5805D6D0230}.Debug|Any CPU.Build.0 = Debug|Any CPU
		{7FFE8679-F981-4B0F-9403-B5805D6D0230}.Release|Any CPU.ActiveCfg = Release|Any CPU
		{7FFE8679-F981-4B0F-9403-B5805D6D0230}.Release|Any CPU.Build.0 = Release|Any CPU
	EndGlobalSection
	GlobalSection(SolutionProperties) = preSolution
		HideSolutionNode = FALSE
	EndGlobalSection
	GlobalSection(ExtensibilityGlobals) = postSolution
		SolutionGuid = {5C24E41A-D37A-45AA-8F3F-C478F62EDD0B}
	EndGlobalSection
EndGlobal
